// !$*UTF8*$!
{
	archiveVersion = 1;
	classes = {
	};
	objectVersion = 55;
	objects = {

/* Begin PBXBuildFile section */
		2C71FC3727A290FE00C03B61 /* BoardView.swift in Sources */ = {isa = PBXBuildFile; fileRef = 2C71FC3627A290FE00C03B61 /* BoardView.swift */; };
		2C71FC3C27A2B67200C03B61 /* Constants.swift in Sources */ = {isa = PBXBuildFile; fileRef = 2C71FC3B27A2B67200C03B61 /* Constants.swift */; };
		2C71FC3E27A2B7EF00C03B61 /* ChessPiece.swift in Sources */ = {isa = PBXBuildFile; fileRef = 2C71FC3D27A2B7EF00C03B61 /* ChessPiece.swift */; };
		2C71FC4027A2B8D700C03B61 /* ChessEngine.swift in Sources */ = {isa = PBXBuildFile; fileRef = 2C71FC3F27A2B8D700C03B61 /* ChessEngine.swift */; };
		2C71FC4527A2EB8000C03B61 /* ChessDelegate.swift in Sources */ = {isa = PBXBuildFile; fileRef = 2C71FC4427A2EB8000C03B61 /* ChessDelegate.swift */; };
		2C71FC4827A30CC300C03B61 /* drop.wav in Resources */ = {isa = PBXBuildFile; fileRef = 2C71FC4727A30CC300C03B61 /* drop.wav */; };
		2C85214127A28F7800E73813 /* AppDelegate.swift in Sources */ = {isa = PBXBuildFile; fileRef = 2C85214027A28F7800E73813 /* AppDelegate.swift */; };
		2C85214327A28F7800E73813 /* SceneDelegate.swift in Sources */ = {isa = PBXBuildFile; fileRef = 2C85214227A28F7800E73813 /* SceneDelegate.swift */; };
		2C85214527A28F7800E73813 /* ViewController.swift in Sources */ = {isa = PBXBuildFile; fileRef = 2C85214427A28F7800E73813 /* ViewController.swift */; };
		2C85214827A28F7800E73813 /* Main.storyboard in Resources */ = {isa = PBXBuildFile; fileRef = 2C85214627A28F7800E73813 /* Main.storyboard */; };
		2C85214A27A28F7A00E73813 /* Assets.xcassets in Resources */ = {isa = PBXBuildFile; fileRef = 2C85214927A28F7A00E73813 /* Assets.xcassets */; };
		2C85214D27A28F7A00E73813 /* LaunchScreen.storyboard in Resources */ = {isa = PBXBuildFile; fileRef = 2C85214B27A28F7A00E73813 /* LaunchScreen.storyboard */; };
		2C85215827A28F7A00E73813 /* ChessTests.swift in Sources */ = {isa = PBXBuildFile; fileRef = 2C85215727A28F7A00E73813 /* ChessTests.swift */; };
		2C85216227A28F7A00E73813 /* ChessUITests.swift in Sources */ = {isa = PBXBuildFile; fileRef = 2C85216127A28F7A00E73813 /* ChessUITests.swift */; };
		2C85216427A28F7A00E73813 /* ChessUITestsLaunchTests.swift in Sources */ = {isa = PBXBuildFile; fileRef = 2C85216327A28F7A00E73813 /* ChessUITestsLaunchTests.swift */; };
/* End PBXBuildFile section */

/* Begin PBXContainerItemProxy section */
		2C85215427A28F7A00E73813 /* PBXContainerItemProxy */ = {
			isa = PBXContainerItemProxy;
			containerPortal = 2C85213527A28F7800E73813 /* Project object */;
			proxyType = 1;
			remoteGlobalIDString = 2C85213C27A28F7800E73813;
			remoteInfo = Chess;
		};
		2C85215E27A28F7A00E73813 /* PBXContainerItemProxy */ = {
			isa = PBXContainerItemProxy;
			containerPortal = 2C85213527A28F7800E73813 /* Project object */;
			proxyType = 1;
			remoteGlobalIDString = 2C85213C27A28F7800E73813;
			remoteInfo = Chess;
		};
/* End PBXContainerItemProxy section */

/* Begin PBXFileReference section */
		2C71FC3627A290FE00C03B61 /* BoardView.swift */ = {isa = PBXFileReference; lastKnownFileType = sourcecode.swift; path = BoardView.swift; sourceTree = "<group>"; };
		2C71FC3B27A2B67200C03B61 /* Constants.swift */ = {isa = PBXFileReference; lastKnownFileType = sourcecode.swift; path = Constants.swift; sourceTree = "<group>"; };
		2C71FC3D27A2B7EF00C03B61 /* ChessPiece.swift */ = {isa = PBXFileReference; lastKnownFileType = sourcecode.swift; path = ChessPiece.swift; sourceTree = "<group>"; };
		2C71FC3F27A2B8D700C03B61 /* ChessEngine.swift */ = {isa = PBXFileReference; lastKnownFileType = sourcecode.swift; path = ChessEngine.swift; sourceTree = "<group>"; };
		2C71FC4427A2EB8000C03B61 /* ChessDelegate.swift */ = {isa = PBXFileReference; lastKnownFileType = sourcecode.swift; path = ChessDelegate.swift; sourceTree = "<group>"; };
		2C71FC4727A30CC300C03B61 /* drop.wav */ = {isa = PBXFileReference; lastKnownFileType = audio.wav; path = drop.wav; sourceTree = "<group>"; };
		2C85213D27A28F7800E73813 /* Chess.app */ = {isa = PBXFileReference; explicitFileType = wrapper.application; includeInIndex = 0; path = Chess.app; sourceTree = BUILT_PRODUCTS_DIR; };
		2C85214027A28F7800E73813 /* AppDelegate.swift */ = {isa = PBXFileReference; lastKnownFileType = sourcecode.swift; path = AppDelegate.swift; sourceTree = "<group>"; };
		2C85214227A28F7800E73813 /* SceneDelegate.swift */ = {isa = PBXFileReference; lastKnownFileType = sourcecode.swift; path = SceneDelegate.swift; sourceTree = "<group>"; };
		2C85214427A28F7800E73813 /* ViewController.swift */ = {isa = PBXFileReference; lastKnownFileType = sourcecode.swift; path = ViewController.swift; sourceTree = "<group>"; };
		2C85214727A28F7800E73813 /* Base */ = {isa = PBXFileReference; lastKnownFileType = file.storyboard; name = Base; path = Base.lproj/Main.storyboard; sourceTree = "<group>"; };
		2C85214927A28F7A00E73813 /* Assets.xcassets */ = {isa = PBXFileReference; lastKnownFileType = folder.assetcatalog; path = Assets.xcassets; sourceTree = "<group>"; };
		2C85214C27A28F7A00E73813 /* Base */ = {isa = PBXFileReference; lastKnownFileType = file.storyboard; name = Base; path = Base.lproj/LaunchScreen.storyboard; sourceTree = "<group>"; };
		2C85214E27A28F7A00E73813 /* Info.plist */ = {isa = PBXFileReference; lastKnownFileType = text.plist.xml; path = Info.plist; sourceTree = "<group>"; };
		2C85215327A28F7A00E73813 /* ChessTests.xctest */ = {isa = PBXFileReference; explicitFileType = wrapper.cfbundle; includeInIndex = 0; path = ChessTests.xctest; sourceTree = BUILT_PRODUCTS_DIR; };
		2C85215727A28F7A00E73813 /* ChessTests.swift */ = {isa = PBXFileReference; lastKnownFileType = sourcecode.swift; path = ChessTests.swift; sourceTree = "<group>"; };
		2C85215D27A28F7A00E73813 /* ChessUITests.xctest */ = {isa = PBXFileReference; explicitFileType = wrapper.cfbundle; includeInIndex = 0; path = ChessUITests.xctest; sourceTree = BUILT_PRODUCTS_DIR; };
		2C85216127A28F7A00E73813 /* ChessUITests.swift */ = {isa = PBXFileReference; lastKnownFileType = sourcecode.swift; path = ChessUITests.swift; sourceTree = "<group>"; };
		2C85216327A28F7A00E73813 /* ChessUITestsLaunchTests.swift */ = {isa = PBXFileReference; lastKnownFileType = sourcecode.swift; path = ChessUITestsLaunchTests.swift; sourceTree = "<group>"; };
/* End PBXFileReference section */

/* Begin PBXFrameworksBuildPhase section */
		2C85213A27A28F7800E73813 /* Frameworks */ = {
			isa = PBXFrameworksBuildPhase;
			buildActionMask = 2147483647;
			files = (
			);
			runOnlyForDeploymentPostprocessing = 0;
		};
		2C85215027A28F7A00E73813 /* Frameworks */ = {
			isa = PBXFrameworksBuildPhase;
			buildActionMask = 2147483647;
			files = (
			);
			runOnlyForDeploymentPostprocessing = 0;
		};
		2C85215A27A28F7A00E73813 /* Frameworks */ = {
			isa = PBXFrameworksBuildPhase;
			buildActionMask = 2147483647;
			files = (
			);
			runOnlyForDeploymentPostprocessing = 0;
		};
/* End PBXFrameworksBuildPhase section */

/* Begin PBXGroup section */
		2C71FC4127A2B8DF00C03B61 /* Models */ = {
			isa = PBXGroup;
			children = (
				2C71FC3B27A2B67200C03B61 /* Constants.swift */,
				2C71FC3F27A2B8D700C03B61 /* ChessEngine.swift */,
				2C71FC3D27A2B7EF00C03B61 /* ChessPiece.swift */,
			);
			path = Models;
			sourceTree = "<group>";
		};
		2C71FC4227A2B8F200C03B61 /* Views */ = {
			isa = PBXGroup;
			children = (
				2C71FC3627A290FE00C03B61 /* BoardView.swift */,
				2C85214627A28F7800E73813 /* Main.storyboard */,
				2C85214B27A28F7A00E73813 /* LaunchScreen.storyboard */,
			);
			path = Views;
			sourceTree = "<group>";
		};
		2C71FC4327A2B91700C03B61 /* Controllers */ = {
			isa = PBXGroup;
			children = (
				2C85214427A28F7800E73813 /* ViewController.swift */,
			);
			path = Controllers;
			sourceTree = "<group>";
		};
		2C71FC4627A30CA000C03B61 /* Assets */ = {
			isa = PBXGroup;
			children = (
				2C85214927A28F7A00E73813 /* Assets.xcassets */,
			);
			path = Assets;
			sourceTree = "<group>";
		};
		2C85213427A28F7800E73813 = {
			isa = PBXGroup;
			children = (
				2C85213F27A28F7800E73813 /* Chess */,
				2C85215627A28F7A00E73813 /* ChessTests */,
				2C85216027A28F7A00E73813 /* ChessUITests */,
				2C85213E27A28F7800E73813 /* Products */,
			);
			sourceTree = "<group>";
		};
		2C85213E27A28F7800E73813 /* Products */ = {
			isa = PBXGroup;
			children = (
				2C85213D27A28F7800E73813 /* Chess.app */,
				2C85215327A28F7A00E73813 /* ChessTests.xctest */,
				2C85215D27A28F7A00E73813 /* ChessUITests.xctest */,
			);
			name = Products;
			sourceTree = "<group>";
		};
		2C85213F27A28F7800E73813 /* Chess */ = {
			isa = PBXGroup;
			children = (
				2C71FC4727A30CC300C03B61 /* drop.wav */,
				2C85214027A28F7800E73813 /* AppDelegate.swift */,
				2C85214227A28F7800E73813 /* SceneDelegate.swift */,
				2C71FC4427A2EB8000C03B61 /* ChessDelegate.swift */,
				2C71FC4127A2B8DF00C03B61 /* Models */,
				2C71FC4227A2B8F200C03B61 /* Views */,
				2C71FC4327A2B91700C03B61 /* Controllers */,
				2C71FC4627A30CA000C03B61 /* Assets */,
				2C85214E27A28F7A00E73813 /* Info.plist */,
			);
			path = Chess;
			sourceTree = "<group>";
		};
		2C85215627A28F7A00E73813 /* ChessTests */ = {
			isa = PBXGroup;
			children = (
				2C85215727A28F7A00E73813 /* ChessTests.swift */,
			);
			path = ChessTests;
			sourceTree = "<group>";
		};
		2C85216027A28F7A00E73813 /* ChessUITests */ = {
			isa = PBXGroup;
			children = (
				2C85216127A28F7A00E73813 /* ChessUITests.swift */,
				2C85216327A28F7A00E73813 /* ChessUITestsLaunchTests.swift */,
			);
			path = ChessUITests;
			sourceTree = "<group>";
		};
/* End PBXGroup section */

/* Begin PBXNativeTarget section */
		2C85213C27A28F7800E73813 /* Chess */ = {
			isa = PBXNativeTarget;
			buildConfigurationList = 2C85216727A28F7A00E73813 /* Build configuration list for PBXNativeTarget "Chess" */;
			buildPhases = (
				2C85213927A28F7800E73813 /* Sources */,
				2C85213A27A28F7800E73813 /* Frameworks */,
				2C85213B27A28F7800E73813 /* Resources */,
			);
			buildRules = (
			);
			dependencies = (
			);
			name = Chess;
			productName = Chess;
			productReference = 2C85213D27A28F7800E73813 /* Chess.app */;
			productType = "com.apple.product-type.application";
		};
		2C85215227A28F7A00E73813 /* ChessTests */ = {
			isa = PBXNativeTarget;
			buildConfigurationList = 2C85216A27A28F7A00E73813 /* Build configuration list for PBXNativeTarget "ChessTests" */;
			buildPhases = (
				2C85214F27A28F7A00E73813 /* Sources */,
				2C85215027A28F7A00E73813 /* Frameworks */,
				2C85215127A28F7A00E73813 /* Resources */,
			);
			buildRules = (
			);
			dependencies = (
				2C85215527A28F7A00E73813 /* PBXTargetDependency */,
			);
			name = ChessTests;
			productName = ChessTests;
			productReference = 2C85215327A28F7A00E73813 /* ChessTests.xctest */;
			productType = "com.apple.product-type.bundle.unit-test";
		};
		2C85215C27A28F7A00E73813 /* ChessUITests */ = {
			isa = PBXNativeTarget;
			buildConfigurationList = 2C85216D27A28F7A00E73813 /* Build configuration list for PBXNativeTarget "ChessUITests" */;
			buildPhases = (
				2C85215927A28F7A00E73813 /* Sources */,
				2C85215A27A28F7A00E73813 /* Frameworks */,
				2C85215B27A28F7A00E73813 /* Resources */,
			);
			buildRules = (
			);
			dependencies = (
				2C85215F27A28F7A00E73813 /* PBXTargetDependency */,
			);
			name = ChessUITests;
			productName = ChessUITests;
			productReference = 2C85215D27A28F7A00E73813 /* ChessUITests.xctest */;
			productType = "com.apple.product-type.bundle.ui-testing";
		};
/* End PBXNativeTarget section */

/* Begin PBXProject section */
		2C85213527A28F7800E73813 /* Project object */ = {
			isa = PBXProject;
			attributes = {
				BuildIndependentTargetsInParallel = 1;
				LastSwiftUpdateCheck = 1320;
				LastUpgradeCheck = 1320;
				TargetAttributes = {
					2C85213C27A28F7800E73813 = {
						CreatedOnToolsVersion = 13.2.1;
					};
					2C85215227A28F7A00E73813 = {
						CreatedOnToolsVersion = 13.2.1;
						TestTargetID = 2C85213C27A28F7800E73813;
					};
					2C85215C27A28F7A00E73813 = {
						CreatedOnToolsVersion = 13.2.1;
						TestTargetID = 2C85213C27A28F7800E73813;
					};
				};
			};
			buildConfigurationList = 2C85213827A28F7800E73813 /* Build configuration list for PBXProject "Chess" */;
			compatibilityVersion = "Xcode 13.0";
			developmentRegion = en;
			hasScannedForEncodings = 0;
			knownRegions = (
				en,
				Base,
			);
			mainGroup = 2C85213427A28F7800E73813;
			productRefGroup = 2C85213E27A28F7800E73813 /* Products */;
			projectDirPath = "";
			projectRoot = "";
			targets = (
				2C85213C27A28F7800E73813 /* Chess */,
				2C85215227A28F7A00E73813 /* ChessTests */,
				2C85215C27A28F7A00E73813 /* ChessUITests */,
			);
		};
/* End PBXProject section */

/* Begin PBXResourcesBuildPhase section */
		2C85213B27A28F7800E73813 /* Resources */ = {
			isa = PBXResourcesBuildPhase;
			buildActionMask = 2147483647;
			files = (
				2C85214D27A28F7A00E73813 /* LaunchScreen.storyboard in Resources */,
				2C71FC4827A30CC300C03B61 /* drop.wav in Resources */,
				2C85214A27A28F7A00E73813 /* Assets.xcassets in Resources */,
				2C85214827A28F7800E73813 /* Main.storyboard in Resources */,
			);
			runOnlyForDeploymentPostprocessing = 0;
		};
		2C85215127A28F7A00E73813 /* Resources */ = {
			isa = PBXResourcesBuildPhase;
			buildActionMask = 2147483647;
			files = (
			);
			runOnlyForDeploymentPostprocessing = 0;
		};
		2C85215B27A28F7A00E73813 /* Resources */ = {
			isa = PBXResourcesBuildPhase;
			buildActionMask = 2147483647;
			files = (
			);
			runOnlyForDeploymentPostprocessing = 0;
		};
/* End PBXResourcesBuildPhase section */

/* Begin PBXSourcesBuildPhase section */
		2C85213927A28F7800E73813 /* Sources */ = {
			isa = PBXSourcesBuildPhase;
			buildActionMask = 2147483647;
			files = (
				2C71FC3C27A2B67200C03B61 /* Constants.swift in Sources */,
				2C85214527A28F7800E73813 /* ViewController.swift in Sources */,
				2C71FC3727A290FE00C03B61 /* BoardView.swift in Sources */,
				2C85214127A28F7800E73813 /* AppDelegate.swift in Sources */,
				2C85214327A28F7800E73813 /* SceneDelegate.swift in Sources */,
				2C71FC3E27A2B7EF00C03B61 /* ChessPiece.swift in Sources */,
				2C71FC4027A2B8D700C03B61 /* ChessEngine.swift in Sources */,
				2C71FC4527A2EB8000C03B61 /* ChessDelegate.swift in Sources */,
			);
			runOnlyForDeploymentPostprocessing = 0;
		};
		2C85214F27A28F7A00E73813 /* Sources */ = {
			isa = PBXSourcesBuildPhase;
			buildActionMask = 2147483647;
			files = (
				2C85215827A28F7A00E73813 /* ChessTests.swift in Sources */,
			);
			runOnlyForDeploymentPostprocessing = 0;
		};
		2C85215927A28F7A00E73813 /* Sources */ = {
			isa = PBXSourcesBuildPhase;
			buildActionMask = 2147483647;
			files = (
				2C85216227A28F7A00E73813 /* ChessUITests.swift in Sources */,
				2C85216427A28F7A00E73813 /* ChessUITestsLaunchTests.swift in Sources */,
			);
			runOnlyForDeploymentPostprocessing = 0;
		};
/* End PBXSourcesBuildPhase section */

/* Begin PBXTargetDependency section */
		2C85215527A28F7A00E73813 /* PBXTargetDependency */ = {
			isa = PBXTargetDependency;
			target = 2C85213C27A28F7800E73813 /* Chess */;
			targetProxy = 2C85215427A28F7A00E73813 /* PBXContainerItemProxy */;
		};
		2C85215F27A28F7A00E73813 /* PBXTargetDependency */ = {
			isa = PBXTargetDependency;
			target = 2C85213C27A28F7800E73813 /* Chess */;
			targetProxy = 2C85215E27A28F7A00E73813 /* PBXContainerItemProxy */;
		};
/* End PBXTargetDependency section */

/* Begin PBXVariantGroup section */
		2C85214627A28F7800E73813 /* Main.storyboard */ = {
			isa = PBXVariantGroup;
			children = (
				2C85214727A28F7800E73813 /* Base */,
			);
			name = Main.storyboard;
			sourceTree = "<group>";
		};
		2C85214B27A28F7A00E73813 /* LaunchScreen.storyboard */ = {
			isa = PBXVariantGroup;
			children = (
				2C85214C27A28F7A00E73813 /* Base */,
			);
			name = LaunchScreen.storyboard;
			sourceTree = "<group>";
		};
/* End PBXVariantGroup section */

/* Begin XCBuildConfiguration section */
		2C85216527A28F7A00E73813 /* Debug */ = {
			isa = XCBuildConfiguration;
			buildSettings = {
				ALWAYS_SEARCH_USER_PATHS = NO;
				CLANG_ANALYZER_NONNULL = YES;
				CLANG_ANALYZER_NUMBER_OBJECT_CONVERSION = YES_AGGRESSIVE;
				CLANG_CXX_LANGUAGE_STANDARD = "gnu++17";
				CLANG_CXX_LIBRARY = "libc++";
				CLANG_ENABLE_MODULES = YES;
				CLANG_ENABLE_OBJC_ARC = YES;
				CLANG_ENABLE_OBJC_WEAK = YES;
				CLANG_WARN_BLOCK_CAPTURE_AUTORELEASING = YES;
				CLANG_WARN_BOOL_CONVERSION = YES;
				CLANG_WARN_COMMA = YES;
				CLANG_WARN_CONSTANT_CONVERSION = YES;
				CLANG_WARN_DEPRECATED_OBJC_IMPLEMENTATIONS = YES;
				CLANG_WARN_DIRECT_OBJC_ISA_USAGE = YES_ERROR;
				CLANG_WARN_DOCUMENTATION_COMMENTS = YES;
				CLANG_WARN_EMPTY_BODY = YES;
				CLANG_WARN_ENUM_CONVERSION = YES;
				CLANG_WARN_INFINITE_RECURSION = YES;
				CLANG_WARN_INT_CONVERSION = YES;
				CLANG_WARN_NON_LITERAL_NULL_CONVERSION = YES;
				CLANG_WARN_OBJC_IMPLICIT_RETAIN_SELF = YES;
				CLANG_WARN_OBJC_LITERAL_CONVERSION = YES;
				CLANG_WARN_OBJC_ROOT_CLASS = YES_ERROR;
				CLANG_WARN_QUOTED_INCLUDE_IN_FRAMEWORK_HEADER = YES;
				CLANG_WARN_RANGE_LOOP_ANALYSIS = YES;
				CLANG_WARN_STRICT_PROTOTYPES = YES;
				CLANG_WARN_SUSPICIOUS_MOVE = YES;
				CLANG_WARN_UNGUARDED_AVAILABILITY = YES_AGGRESSIVE;
				CLANG_WARN_UNREACHABLE_CODE = YES;
				CLANG_WARN__DUPLICATE_METHOD_MATCH = YES;
				COPY_PHASE_STRIP = NO;
				DEBUG_INFORMATION_FORMAT = dwarf;
				ENABLE_STRICT_OBJC_MSGSEND = YES;
				ENABLE_TESTABILITY = YES;
				GCC_C_LANGUAGE_STANDARD = gnu11;
				GCC_DYNAMIC_NO_PIC = NO;
				GCC_NO_COMMON_BLOCKS = YES;
				GCC_OPTIMIZATION_LEVEL = 0;
				GCC_PREPROCESSOR_DEFINITIONS = (
					"DEBUG=1",
					"$(inherited)",
				);
				GCC_WARN_64_TO_32_BIT_CONVERSION = YES;
				GCC_WARN_ABOUT_RETURN_TYPE = YES_ERROR;
				GCC_WARN_UNDECLARED_SELECTOR = YES;
				GCC_WARN_UNINITIALIZED_AUTOS = YES_AGGRESSIVE;
				GCC_WARN_UNUSED_FUNCTION = YES;
				GCC_WARN_UNUSED_VARIABLE = YES;
				IPHONEOS_DEPLOYMENT_TARGET = 15.2;
				MTL_ENABLE_DEBUG_INFO = INCLUDE_SOURCE;
				MTL_FAST_MATH = YES;
				ONLY_ACTIVE_ARCH = YES;
				SDKROOT = iphoneos;
				SWIFT_ACTIVE_COMPILATION_CONDITIONS = DEBUG;
				SWIFT_OPTIMIZATION_LEVEL = "-Onone";
			};
			name = Debug;
		};
		2C85216627A28F7A00E73813 /* Release */ = {
			isa = XCBuildConfiguration;
			buildSettings = {
				ALWAYS_SEARCH_USER_PATHS = NO;
				CLANG_ANALYZER_NONNULL = YES;
				CLANG_ANALYZER_NUMBER_OBJECT_CONVERSION = YES_AGGRESSIVE;
				CLANG_CXX_LANGUAGE_STANDARD = "gnu++17";
				CLANG_CXX_LIBRARY = "libc++";
				CLANG_ENABLE_MODULES = YES;
				CLANG_ENABLE_OBJC_ARC = YES;
				CLANG_ENABLE_OBJC_WEAK = YES;
				CLANG_WARN_BLOCK_CAPTURE_AUTORELEASING = YES;
				CLANG_WARN_BOOL_CONVERSION = YES;
				CLANG_WARN_COMMA = YES;
				CLANG_WARN_CONSTANT_CONVERSION = YES;
				CLANG_WARN_DEPRECATED_OBJC_IMPLEMENTATIONS = YES;
				CLANG_WARN_DIRECT_OBJC_ISA_USAGE = YES_ERROR;
				CLANG_WARN_DOCUMENTATION_COMMENTS = YES;
				CLANG_WARN_EMPTY_BODY = YES;
				CLANG_WARN_ENUM_CONVERSION = YES;
				CLANG_WARN_INFINITE_RECURSION = YES;
				CLANG_WARN_INT_CONVERSION = YES;
				CLANG_WARN_NON_LITERAL_NULL_CONVERSION = YES;
				CLANG_WARN_OBJC_IMPLICIT_RETAIN_SELF = YES;
				CLANG_WARN_OBJC_LITERAL_CONVERSION = YES;
				CLANG_WARN_OBJC_ROOT_CLASS = YES_ERROR;
				CLANG_WARN_QUOTED_INCLUDE_IN_FRAMEWORK_HEADER = YES;
				CLANG_WARN_RANGE_LOOP_ANALYSIS = YES;
				CLANG_WARN_STRICT_PROTOTYPES = YES;
				CLANG_WARN_SUSPICIOUS_MOVE = YES;
				CLANG_WARN_UNGUARDED_AVAILABILITY = YES_AGGRESSIVE;
				CLANG_WARN_UNREACHABLE_CODE = YES;
				CLANG_WARN__DUPLICATE_METHOD_MATCH = YES;
				COPY_PHASE_STRIP = NO;
				DEBUG_INFORMATION_FORMAT = "dwarf-with-dsym";
				ENABLE_NS_ASSERTIONS = NO;
				ENABLE_STRICT_OBJC_MSGSEND = YES;
				GCC_C_LANGUAGE_STANDARD = gnu11;
				GCC_NO_COMMON_BLOCKS = YES;
				GCC_WARN_64_TO_32_BIT_CONVERSION = YES;
				GCC_WARN_ABOUT_RETURN_TYPE = YES_ERROR;
				GCC_WARN_UNDECLARED_SELECTOR = YES;
				GCC_WARN_UNINITIALIZED_AUTOS = YES_AGGRESSIVE;
				GCC_WARN_UNUSED_FUNCTION = YES;
				GCC_WARN_UNUSED_VARIABLE = YES;
				IPHONEOS_DEPLOYMENT_TARGET = 15.2;
				MTL_ENABLE_DEBUG_INFO = NO;
				MTL_FAST_MATH = YES;
				SDKROOT = iphoneos;
				SWIFT_COMPILATION_MODE = wholemodule;
				SWIFT_OPTIMIZATION_LEVEL = "-O";
				VALIDATE_PRODUCT = YES;
			};
			name = Release;
		};
		2C85216827A28F7A00E73813 /* Debug */ = {
			isa = XCBuildConfiguration;
			buildSettings = {
				ASSETCATALOG_COMPILER_APPICON_NAME = AppIcon;
				ASSETCATALOG_COMPILER_GLOBAL_ACCENT_COLOR_NAME = AccentColor;
				CODE_SIGN_STYLE = Automatic;
				CURRENT_PROJECT_VERSION = 1;
				DEVELOPMENT_TEAM = SQ4TXT8H3L;
				GENERATE_INFOPLIST_FILE = YES;
				INFOPLIST_FILE = Chess/Info.plist;
				INFOPLIST_KEY_UIApplicationSupportsIndirectInputEvents = YES;
				INFOPLIST_KEY_UILaunchStoryboardName = LaunchScreen;
				INFOPLIST_KEY_UIMainStoryboardFile = Main;
				INFOPLIST_KEY_UISupportedInterfaceOrientations = UIInterfaceOrientationPortrait;
				INFOPLIST_KEY_UISupportedInterfaceOrientations_iPad = UIInterfaceOrientationPortrait;
				INFOPLIST_KEY_UISupportedInterfaceOrientations_iPhone = "UIInterfaceOrientationPortrait UIInterfaceOrientationLandscapeLeft UIInterfaceOrientationLandscapeRight";
				LD_RUNPATH_SEARCH_PATHS = (
					"$(inherited)",
					"@executable_path/Frameworks",
				);
				MARKETING_VERSION = 1.0;
				PRODUCT_BUNDLE_IDENTIFIER = com.flvtrc.Chess;
				PRODUCT_NAME = "$(TARGET_NAME)";
				SWIFT_EMIT_LOC_STRINGS = YES;
				SWIFT_VERSION = 5.0;
				TARGETED_DEVICE_FAMILY = "1,2";
			};
			name = Debug;
		};
		2C85216927A28F7A00E73813 /* Release */ = {
			isa = XCBuildConfiguration;
			buildSettings = {
				ASSETCATALOG_COMPILER_APPICON_NAME = AppIcon;
				ASSETCATALOG_COMPILER_GLOBAL_ACCENT_COLOR_NAME = AccentColor;
				CODE_SIGN_STYLE = Automatic;
				CURRENT_PROJECT_VERSION = 1;
				DEVELOPMENT_TEAM = SQ4TXT8H3L;
				GENERATE_INFOPLIST_FILE = YES;
				INFOPLIST_FILE = Chess/Info.plist;
				INFOPLIST_KEY_UIApplicationSupportsIndirectInputEvents = YES;
				INFOPLIST_KEY_UILaunchStoryboardName = LaunchScreen;
				INFOPLIST_KEY_UIMainStoryboardFile = Main;
				INFOPLIST_KEY_UISupportedInterfaceOrientations = UIInterfaceOrientationPortrait;
				INFOPLIST_KEY_UISupportedInterfaceOrientations_iPad = UIInterfaceOrientationPortrait;
				INFOPLIST_KEY_UISupportedInterfaceOrientations_iPhone = "UIInterfaceOrientationPortrait UIInterfaceOrientationLandscapeLeft UIInterfaceOrientationLandscapeRight";
				LD_RUNPATH_SEARCH_PATHS = (
					"$(inherited)",
					"@executable_path/Frameworks",
				);
				MARKETING_VERSION = 1.0;
				PRODUCT_BUNDLE_IDENTIFIER = com.flvtrc.Chess;
				PRODUCT_NAME = "$(TARGET_NAME)";
				SWIFT_EMIT_LOC_STRINGS = YES;
				SWIFT_VERSION = 5.0;
				TARGETED_DEVICE_FAMILY = "1,2";
			};
			name = Release;
		};
		2C85216B27A28F7A00E73813 /* Debug */ = {
			isa = XCBuildConfiguration;
			buildSettings = {
				ALWAYS_EMBED_SWIFT_STANDARD_LIBRARIES = YES;
				BUNDLE_LOADER = "$(TEST_HOST)";
				CODE_SIGN_STYLE = Automatic;
				CURRENT_PROJECT_VERSION = 1;
				DEVELOPMENT_TEAM = SQ4TXT8H3L;
				GENERATE_INFOPLIST_FILE = YES;
				IPHONEOS_DEPLOYMENT_TARGET = 15.2;
				MARKETING_VERSION = 1.0;
				PRODUCT_BUNDLE_IDENTIFIER = com.flvtrc.ChessTests;
				PRODUCT_NAME = "$(TARGET_NAME)";
				SWIFT_EMIT_LOC_STRINGS = NO;
				SWIFT_VERSION = 5.0;
				TARGETED_DEVICE_FAMILY = "1,2";
				TEST_HOST = "$(BUILT_PRODUCTS_DIR)/Chess.app/Chess";
			};
			name = Debug;
		};
		2C85216C27A28F7A00E73813 /* Release */ = {
			isa = XCBuildConfiguration;
			buildSettings = {
				ALWAYS_EMBED_SWIFT_STANDARD_LIBRARIES = YES;
				BUNDLE_LOADER = "$(TEST_HOST)";
				CODE_SIGN_STYLE = Automatic;
				CURRENT_PROJECT_VERSION = 1;
				DEVELOPMENT_TEAM = SQ4TXT8H3L;
				GENERATE_INFOPLIST_FILE = YES;
				IPHONEOS_DEPLOYMENT_TARGET = 15.2;
				MARKETING_VERSION = 1.0;
				PRODUCT_BUNDLE_IDENTIFIER = com.flvtrc.ChessTests;
				PRODUCT_NAME = "$(TARGET_NAME)";
				SWIFT_EMIT_LOC_STRINGS = NO;
				SWIFT_VERSION = 5.0;
				TARGETED_DEVICE_FAMILY = "1,2";
				TEST_HOST = "$(BUILT_PRODUCTS_DIR)/Chess.app/Chess";
			};
			name = Release;
		};
		2C85216E27A28F7A00E73813 /* Debug */ = {
			isa = XCBuildConfiguration;
			buildSettings = {
				ALWAYS_EMBED_SWIFT_STANDARD_LIBRARIES = YES;
				CODE_SIGN_STYLE = Automatic;
				CURRENT_PROJECT_VERSION = 1;
				DEVELOPMENT_TEAM = SQ4TXT8H3L;
				GENERATE_INFOPLIST_FILE = YES;
				MARKETING_VERSION = 1.0;
				PRODUCT_BUNDLE_IDENTIFIER = com.flvtrc.ChessUITests;
				PRODUCT_NAME = "$(TARGET_NAME)";
				SWIFT_EMIT_LOC_STRINGS = NO;
				SWIFT_VERSION = 5.0;
				TARGETED_DEVICE_FAMILY = "1,2";
				TEST_TARGET_NAME = Chess;
			};
			name = Debug;
		};
		2C85216F27A28F7A00E73813 /* Release */ = {
			isa = XCBuildConfiguration;
			buildSettings = {
				ALWAYS_EMBED_SWIFT_STANDARD_LIBRARIES = YES;
				CODE_SIGN_STYLE = Automatic;
				CURRENT_PROJECT_VERSION = 1;
				DEVELOPMENT_TEAM = SQ4TXT8H3L;
				GENERATE_INFOPLIST_FILE = YES;
				MARKETING_VERSION = 1.0;
				PRODUCT_BUNDLE_IDENTIFIER = com.flvtrc.ChessUITests;
				PRODUCT_NAME = "$(TARGET_NAME)";
				SWIFT_EMIT_LOC_STRINGS = NO;
				SWIFT_VERSION = 5.0;
				TARGETED_DEVICE_FAMILY = "1,2";
				TEST_TARGET_NAME = Chess;
			};
			name = Release;
		};
/* End XCBuildConfiguration section */

/* Begin XCConfigurationList section */
		2C85213827A28F7800E73813 /* Build configuration list for PBXProject "Chess" */ = {
			isa = XCConfigurationList;
			buildConfigurations = (
				2C85216527A28F7A00E73813 /* Debug */,
				2C85216627A28F7A00E73813 /* Release */,
			);
			defaultConfigurationIsVisible = 0;
			defaultConfigurationName = Release;
		};
		2C85216727A28F7A00E73813 /* Build configuration list for PBXNativeTarget "Chess" */ = {
			isa = XCConfigurationList;
			buildConfigurations = (
				2C85216827A28F7A00E73813 /* Debug */,
				2C85216927A28F7A00E73813 /* Release */,
			);
			defaultConfigurationIsVisible = 0;
			defaultConfigurationName = Release;
		};
		2C85216A27A28F7A00E73813 /* Build configuration list for PBXNativeTarget "ChessTests" */ = {
			isa = XCConfigurationList;
			buildConfigurations = (
				2C85216B27A28F7A00E73813 /* Debug */,
				2C85216C27A28F7A00E73813 /* Release */,
			);
			defaultConfigurationIsVisible = 0;
			defaultConfigurationName = Release;
		};
		2C85216D27A28F7A00E73813 /* Build configuration list for PBXNativeTarget "ChessUITests" */ = {
			isa = XCConfigurationList;
			buildConfigurations = (
				2C85216E27A28F7A00E73813 /* Debug */,
				2C85216F27A28F7A00E73813 /* Release */,
			);
			defaultConfigurationIsVisible = 0;
			defaultConfigurationName = Release;
		};
/* End XCConfigurationList section */
	};
	rootObject = 2C85213527A28F7800E73813 /* Project object */;
}
